<?xml version="1.0" encoding="utf-8"?>
<Project ToolsVersion="4.0" xmlns="http://schemas.microsoft.com/developer/msbuild/2003">
  <ItemGroup>
    <ClCompile Include="src/main.cpp" />
    <ClCompile Include="src\log.cpp" />
    <ClCompile Include="src\common.cpp" />
    <ClCompile Include="src\multitasking.cpp" />
    <ClCompile Include="src\bwapi_inc.cpp" />
    <ClCompile Include="src\grid.cpp" />
    <ClCompile Include="src\bot.cpp" />
    <ClCompile Include="src\units.cpp" />
    <ClCompile Include="src\upgrades.cpp" />
    <ClCompile Include="src\players.cpp" />
    <ClCompile Include="src\stats.cpp" />
    <ClCompile Include="src\unit_controls.cpp" />
    <ClCompile Include="src\flyer_pathing.cpp" />
  </ItemGroup>
  <ItemGroup>
    <Filter Include="include">
      <UniqueIdentifier>{3cbb9b8a-7869-46eb-9259-6556a989bb8a}</UniqueIdentifier>
    </Filter>
  </ItemGroup>
  <ItemGroup>
    <ClInclude Include="src\include\common.h">
      <Filter>include</Filter>
    </ClInclude>
    <ClInclude Include="src\include\containers.h">
      <Filter>include</Filter>
    </ClInclude>
    <ClInclude Include="src\include\log.h">
      <Filter>include</Filter>
    </ClInclude>
    <ClInclude Include="src\include\multitasking.h">
      <Filter>include</Filter>
    </ClInclude>
    <ClInclude Include="src\include\multitasking_sync.h">
      <Filter>include</Filter>
    </ClInclude>
    <ClInclude Include="src\include\bwapi_inc.h">
      <Filter>include</Filter>
    </ClInclude>
    <ClInclude Include="src\include\units.h">
      <Filter>include</Filter>
    </ClInclude>
    <ClInclude Include="src\include\players.h">
      <Filter>include</Filter>
    </ClInclude>
    <ClInclude Include="src\include\upgrades.h">
      <Filter>include</Filter>
    </ClInclude>
    <ClInclude Include="src\include\grid.h">
      <Filter>include</Filter>
    </ClInclude>
    <ClInclude Include="src\include\bot.h">
      <Filter>include</Filter>
    </ClInclude>
    <ClInclude Include="src\include\unit_controls.h">
      <Filter>include</Filter>
    </ClInclude>
    <ClInclude Include="src\include\stats.h">
      <Filter>include</Filter>
    </ClInclude>
    <ClInclude Include="src\include\square_pathing.h">
      <Filter>include</Filter>
    </ClInclude>
    <ClInclude Include="src\include\flyer_pathing.h">
      <Filter>include</Filter>
    </ClInclude>
    <ClInclude Include="src\include\dynamic_bitset.h">
      <Filter>include</Filter>
    </ClInclude>
    <ClInclude Include="src\include\intrusive_list.h">
      <Filter>include</Filter>
    </ClInclude>
    <ClInclude Include="src\include\resource_spots.h">
      <Filter>include</Filter>
    </ClInclude>
    <ClInclude Include="src\include\ranges.h">
      <Filter>include</Filter>
    </ClInclude>
  </ItemGroup>
</Project>